// !$*UTF8*$!
{
	archiveVersion = 1;
	classes = {
	};
	objectVersion = 46;
	objects = {

/* Begin PBXBuildFile section */
		A98C782519F7B83800ECBB86 /* AppDelegate.swift in Sources */ = {isa = PBXBuildFile; fileRef = A98C782419F7B83800ECBB86 /* AppDelegate.swift */; };
		A98C782719F7B83800ECBB86 /* ViewController.swift in Sources */ = {isa = PBXBuildFile; fileRef = A98C782619F7B83800ECBB86 /* ViewController.swift */; };
		A98C782A19F7B83800ECBB86 /* Main.storyboard in Resources */ = {isa = PBXBuildFile; fileRef = A98C782819F7B83800ECBB86 /* Main.storyboard */; };
		A98C782C19F7B83800ECBB86 /* Images.xcassets in Resources */ = {isa = PBXBuildFile; fileRef = A98C782B19F7B83800ECBB86 /* Images.xcassets */; };
		A98C782F19F7B83800ECBB86 /* LaunchScreen.xib in Resources */ = {isa = PBXBuildFile; fileRef = A98C782D19F7B83800ECBB86 /* LaunchScreen.xib */; };
		A98C783B19F7B83800ECBB86 /* sizeClassesTests.swift in Sources */ = {isa = PBXBuildFile; fileRef = A98C783A19F7B83800ECBB86 /* sizeClassesTests.swift */; };
/* End PBXBuildFile section */

/* Begin PBXContainerItemProxy section */
		A98C783519F7B83800ECBB86 /* PBXContainerItemProxy */ = {
			isa = PBXContainerItemProxy;
			containerPortal = A98C781719F7B83800ECBB86 /* Project object */;
			proxyType = 1;
			remoteGlobalIDString = A98C781E19F7B83800ECBB86;
			remoteInfo = sizeClasses;
		};
/* End PBXContainerItemProxy section */

/* Begin PBXFileReference section */
		A98C781F19F7B83800ECBB86 /* sizeClasses.app */ = {isa = PBXFileReference; explicitFileType = wrapper.application; includeInIndex = 0; path = sizeClasses.app; sourceTree = BUILT_PRODUCTS_DIR; };
		A98C782319F7B83800ECBB86 /* Info.plist */ = {isa = PBXFileReference; lastKnownFileType = text.plist.xml; path = Info.plist; sourceTree = "<group>"; };
		A98C782419F7B83800ECBB86 /* AppDelegate.swift */ = {isa = PBXFileReference; lastKnownFileType = sourcecode.swift; path = AppDelegate.swift; sourceTree = "<group>"; };
		A98C782619F7B83800ECBB86 /* ViewController.swift */ = {isa = PBXFileReference; lastKnownFileType = sourcecode.swift; path = ViewController.swift; sourceTree = "<group>"; };
		A98C782919F7B83800ECBB86 /* Base */ = {isa = PBXFileReference; lastKnownFileType = file.storyboard; name = Base; path = Base.lproj/Main.storyboard; sourceTree = "<group>"; };
		A98C782B19F7B83800ECBB86 /* Images.xcassets */ = {isa = PBXFileReference; lastKnownFileType = folder.assetcatalog; path = Images.xcassets; sourceTree = "<group>"; };
		A98C782E19F7B83800ECBB86 /* Base */ = {isa = PBXFileReference; lastKnownFileType = file.xib; name = Base; path = Base.lproj/LaunchScreen.xib; sourceTree = "<group>"; };
		A98C783419F7B83800ECBB86 /* sizeClassesTests.xctest */ = {isa = PBXFileReference; explicitFileType = wrapper.cfbundle; includeInIndex = 0; path = sizeClassesTests.xctest; sourceTree = BUILT_PRODUCTS_DIR; };
		A98C783919F7B83800ECBB86 /* Info.plist */ = {isa = PBXFileReference; lastKnownFileType = text.plist.xml; path = Info.plist; sourceTree = "<group>"; };
		A98C783A19F7B83800ECBB86 /* sizeClassesTests.swift */ = {isa = PBXFileReference; lastKnownFileType = sourcecode.swift; path = sizeClassesTests.swift; sourceTree = "<group>"; };
/* End PBXFileReference section */

/* Begin PBXFrameworksBuildPhase section */
		A98C781C19F7B83800ECBB86 /* Frameworks */ = {
			isa = PBXFrameworksBuildPhase;
			buildActionMask = 2147483647;
			files = (
			);
			runOnlyForDeploymentPostprocessing = 0;
		};
		A98C783119F7B83800ECBB86 /* Frameworks */ = {
			isa = PBXFrameworksBuildPhase;
			buildActionMask = 2147483647;
			files = (
			);
			runOnlyForDeploymentPostprocessing = 0;
		};
/* End PBXFrameworksBuildPhase section */

/* Begin PBXGroup section */
		A98C781619F7B83800ECBB86 = {
			isa = PBXGroup;
			children = (
				A98C782119F7B83800ECBB86 /* sizeClasses */,
				A98C783719F7B83800ECBB86 /* sizeClassesTests */,
				A98C782019F7B83800ECBB86 /* Products */,
			);
			sourceTree = "<group>";
		};
		A98C782019F7B83800ECBB86 /* Products */ = {
			isa = PBXGroup;
			children = (
				A98C781F19F7B83800ECBB86 /* sizeClasses.app */,
				A98C783419F7B83800ECBB86 /* sizeClassesTests.xctest */,
			);
			name = Products;
			sourceTree = "<group>";
		};
		A98C782119F7B83800ECBB86 /* sizeClasses */ = {
			isa = PBXGroup;
			children = (
				A98C782419F7B83800ECBB86 /* AppDelegate.swift */,
				A98C782619F7B83800ECBB86 /* ViewController.swift */,
				A98C782819F7B83800ECBB86 /* Main.storyboard */,
				A98C782B19F7B83800ECBB86 /* Images.xcassets */,
				A98C782D19F7B83800ECBB86 /* LaunchScreen.xib */,
				A98C782219F7B83800ECBB86 /* Supporting Files */,
			);
			path = sizeClasses;
			sourceTree = "<group>";
		};
		A98C782219F7B83800ECBB86 /* Supporting Files */ = {
			isa = PBXGroup;
			children = (
				A98C782319F7B83800ECBB86 /* Info.plist */,
			);
			name = "Supporting Files";
			sourceTree = "<group>";
		};
		A98C783719F7B83800ECBB86 /* sizeClassesTests */ = {
			isa = PBXGroup;
			children = (
				A98C783A19F7B83800ECBB86 /* sizeClassesTests.swift */,
				A98C783819F7B83800ECBB86 /* Supporting Files */,
			);
			path = sizeClassesTests;
			sourceTree = "<group>";
		};
		A98C783819F7B83800ECBB86 /* Supporting Files */ = {
			isa = PBXGroup;
			children = (
				A98C783919F7B83800ECBB86 /* Info.plist */,
			);
			name = "Supporting Files";
			sourceTree = "<group>";
		};
/* End PBXGroup section */

/* Begin PBXNativeTarget section */
		A98C781E19F7B83800ECBB86 /* sizeClasses */ = {
			isa = PBXNativeTarget;
			buildConfigurationList = A98C783E19F7B83800ECBB86 /* Build configuration list for PBXNativeTarget "sizeClasses" */;
			buildPhases = (
				A98C781B19F7B83800ECBB86 /* Sources */,
				A98C781C19F7B83800ECBB86 /* Frameworks */,
				A98C781D19F7B83800ECBB86 /* Resources */,
			);
			buildRules = (
			);
			dependencies = (
			);
			name = sizeClasses;
			productName = sizeClasses;
			productReference = A98C781F19F7B83800ECBB86 /* sizeClasses.app */;
			productType = "com.apple.product-type.application";
		};
		A98C783319F7B83800ECBB86 /* sizeClassesTests */ = {
			isa = PBXNativeTarget;
			buildConfigurationList = A98C784119F7B83800ECBB86 /* Build configuration list for PBXNativeTarget "sizeClassesTests" */;
			buildPhases = (
				A98C783019F7B83800ECBB86 /* Sources */,
				A98C783119F7B83800ECBB86 /* Frameworks */,
				A98C783219F7B83800ECBB86 /* Resources */,
			);
			buildRules = (
			);
			dependencies = (
				A98C783619F7B83800ECBB86 /* PBXTargetDependency */,
			);
			name = sizeClassesTests;
			productName = sizeClassesTests;
			productReference = A98C783419F7B83800ECBB86 /* sizeClassesTests.xctest */;
			productType = "com.apple.product-type.bundle.unit-test";
		};
/* End PBXNativeTarget section */

/* Begin PBXProject section */
		A98C781719F7B83800ECBB86 /* Project object */ = {
			isa = PBXProject;
			attributes = {
				LastUpgradeCheck = 0600;
				ORGANIZATIONNAME = Alphaweb;
				TargetAttributes = {
					A98C781E19F7B83800ECBB86 = {
						CreatedOnToolsVersion = 6.0.1;
					};
					A98C783319F7B83800ECBB86 = {
						CreatedOnToolsVersion = 6.0.1;
						TestTargetID = A98C781E19F7B83800ECBB86;
					};
				};
			};
			buildConfigurationList = A98C781A19F7B83800ECBB86 /* Build configuration list for PBXProject "sizeClasses" */;
			compatibilityVersion = "Xcode 3.2";
			developmentRegion = English;
			hasScannedForEncodings = 0;
			knownRegions = (
				en,
				Base,
			);
			mainGroup = A98C781619F7B83800ECBB86;
			productRefGroup = A98C782019F7B83800ECBB86 /* Products */;
			projectDirPath = "";
			projectRoot = "";
			targets = (
				A98C781E19F7B83800ECBB86 /* sizeClasses */,
				A98C783319F7B83800ECBB86 /* sizeClassesTests */,
			);
		};
/* End PBXProject section */

/* Begin PBXResourcesBuildPhase section */
		A98C781D19F7B83800ECBB86 /* Resources */ = {
			isa = PBXResourcesBuildPhase;
			buildActionMask = 2147483647;
			files = (
				A98C782A19F7B83800ECBB86 /* Main.storyboard in Resources */,
				A98C782F19F7B83800ECBB86 /* LaunchScreen.xib in Resources */,
				A98C782C19F7B83800ECBB86 /* Images.xcassets in Resources */,
			);
			runOnlyForDeploymentPostprocessing = 0;
		};
		A98C783219F7B83800ECBB86 /* Resources */ = {
			isa = PBXResourcesBuildPhase;
			buildActionMask = 2147483647;
			files = (
			);
			runOnlyForDeploymentPostprocessing = 0;
		};
/* End PBXResourcesBuildPhase section */

/* Begin PBXSourcesBuildPhase section */
		A98C781B19F7B83800ECBB86 /* Sources */ = {
			isa = PBXSourcesBuildPhase;
			buildActionMask = 2147483647;
			files = (
				A98C782719F7B83800ECBB86 /* ViewController.swift in Sources */,
				A98C782519F7B83800ECBB86 /* AppDelegate.swift in Sources */,
			);
			runOnlyForDeploymentPostprocessing = 0;
		};
		A98C783019F7B83800ECBB86 /* Sources */ = {
			isa = PBXSourcesBuildPhase;
			buildActionMask = 2147483647;
			files = (
				A98C783B19F7B83800ECBB86 /* sizeClassesTests.swift in Sources */,
			);
			runOnlyForDeploymentPostprocessing = 0;
		};
/* End PBXSourcesBuildPhase section */

/* Begin PBXTargetDependency section */
		A98C783619F7B83800ECBB86 /* PBXTargetDependency */ = {
			isa = PBXTargetDependency;
			target = A98C781E19F7B83800ECBB86 /* sizeClasses */;
			targetProxy = A98C783519F7B83800ECBB86 /* PBXContainerItemProxy */;
		};
/* End PBXTargetDependency section */

/* Begin PBXVariantGroup section */
		A98C782819F7B83800ECBB86 /* Main.storyboard */ = {
			isa = PBXVariantGroup;
			children = (
				A98C782919F7B83800ECBB86 /* Base */,
			);
			name = Main.storyboard;
			sourceTree = "<group>";
		};
		A98C782D19F7B83800ECBB86 /* LaunchScreen.xib */ = {
			isa = PBXVariantGroup;
			children = (
				A98C782E19F7B83800ECBB86 /* Base */,
			);
			name = LaunchScreen.xib;
			sourceTree = "<group>";
		};
/* End PBXVariantGroup section */

/* Begin XCBuildConfiguration section */
		A98C783C19F7B83800ECBB86 /* Debug */ = {
			isa = XCBuildConfiguration;
			buildSettings = {
				ALWAYS_SEARCH_USER_PATHS = NO;
				CLANG_CXX_LANGUAGE_STANDARD = "gnu++0x";
				CLANG_CXX_LIBRARY = "libc++";
				CLANG_ENABLE_MODULES = YES;
				CLANG_ENABLE_OBJC_ARC = YES;
				CLANG_WARN_BOOL_CONVERSION = YES;
				CLANG_WARN_CONSTANT_CONVERSION = YES;
				CLANG_WARN_DIRECT_OBJC_ISA_USAGE = YES_ERROR;
				CLANG_WARN_EMPTY_BODY = YES;
				CLANG_WARN_ENUM_CONVERSION = YES;
				CLANG_WARN_INT_CONVERSION = YES;
				CLANG_WARN_OBJC_ROOT_CLASS = YES_ERROR;
				CLANG_WARN_UNREACHABLE_CODE = YES;
				CLANG_WARN__DUPLICATE_METHOD_MATCH = YES;
				"CODE_SIGN_IDENTITY[sdk=iphoneos*]" = "iPhone Developer";
				COPY_PHASE_STRIP = NO;
				ENABLE_STRICT_OBJC_MSGSEND = YES;
				GCC_C_LANGUAGE_STANDARD = gnu99;
				GCC_DYNAMIC_NO_PIC = NO;
				GCC_OPTIMIZATION_LEVEL = 0;
				GCC_PREPROCESSOR_DEFINITIONS = (
					"DEBUG=1",
					"$(inherited)",
				);
				GCC_SYMBOLS_PRIVATE_EXTERN = NO;
				GCC_WARN_64_TO_32_BIT_CONVERSION = YES;
				GCC_WARN_ABOUT_RETURN_TYPE = YES_ERROR;
				GCC_WARN_UNDECLARED_SELECTOR = YES;
				GCC_WARN_UNINITIALIZED_AUTOS = YES_AGGRESSIVE;
				GCC_WARN_UNUSED_FUNCTION = YES;
				GCC_WARN_UNUSED_VARIABLE = YES;
				IPHONEOS_DEPLOYMENT_TARGET = 8.0;
				MTL_ENABLE_DEBUG_INFO = YES;
				ONLY_ACTIVE_ARCH = YES;
				SDKROOT = iphoneos;
				SWIFT_OPTIMIZATION_LEVEL = "-Onone";
			};
			name = Debug;
		};
		A98C783D19F7B83800ECBB86 /* Release */ = {
			isa = XCBuildConfiguration;
			buildSettings = {
				ALWAYS_SEARCH_USER_PATHS = NO;
				CLANG_CXX_LANGUAGE_STANDARD = "gnu++0x";
				CLANG_CXX_LIBRARY = "libc++";
				CLANG_ENABLE_MODULES = YES;
				CLANG_ENABLE_OBJC_ARC = YES;
				CLANG_WARN_BOOL_CONVERSION = YES;
				CLANG_WARN_CONSTANT_CONVERSION = YES;
				CLANG_WARN_DIRECT_OBJC_ISA_USAGE = YES_ERROR;
				CLANG_WARN_EMPTY_BODY = YES;
				CLANG_WARN_ENUM_CONVERSION = YES;
				CLANG_WARN_INT_CONVERSION = YES;
				CLANG_WARN_OBJC_ROOT_CLASS = YES_ERROR;
				CLANG_WARN_UNREACHABLE_CODE = YES;
				CLANG_WARN__DUPLICATE_METHOD_MATCH = YES;
				"CODE_SIGN_IDENTITY[sdk=iphoneos*]" = "iPhone Developer";
				COPY_PHASE_STRIP = YES;
				ENABLE_NS_ASSERTIONS = NO;
				ENABLE_STRICT_OBJC_MSGSEND = YES;
				GCC_C_LANGUAGE_STANDARD = gnu99;
				GCC_WARN_64_TO_32_BIT_CONVERSION = YES;
				GCC_WARN_ABOUT_RETURN_TYPE = YES_ERROR;
				GCC_WARN_UNDECLARED_SELECTOR = YES;
				GCC_WARN_UNINITIALIZED_AUTOS = YES_AGGRESSIVE;
				GCC_WARN_UNUSED_FUNCTION = YES;
				GCC_WARN_UNUSED_VARIABLE = YES;
				IPHONEOS_DEPLOYMENT_TARGET = 8.0;
				MTL_ENABLE_DEBUG_INFO = NO;
				SDKROOT = iphoneos;
				VALIDATE_PRODUCT = YES;
			};
			name = Release;
		};
		A98C783F19F7B83800ECBB86 /* Debug */ = {
			isa = XCBuildConfiguration;
			buildSettings = {
				ASSETCATALOG_COMPILER_APPICON_NAME = AppIcon;
				INFOPLIST_FILE = sizeClasses/Info.plist;
				LD_RUNPATH_SEARCH_PATHS = "$(inherited) @executable_path/Frameworks";
				PRODUCT_NAME = "$(TARGET_NAME)";
			};
			name = Debug;
		};
		A98C784019F7B83800ECBB86 /* Release */ = {
			isa = XCBuildConfiguration;
			buildSettings = {
				ASSETCATALOG_COMPILER_APPICON_NAME = AppIcon;
				INFOPLIST_FILE = sizeClasses/Info.plist;
				LD_RUNPATH_SEARCH_PATHS = "$(inherited) @executable_path/Frameworks";
				PRODUCT_NAME = "$(TARGET_NAME)";
			};
			name = Release;
		};
		A98C784219F7B83800ECBB86 /* Debug */ = {
			isa = XCBuildConfiguration;
			buildSettings = {
				BUNDLE_LOADER = "$(TEST_HOST)";
				FRAMEWORK_SEARCH_PATHS = (
					"$(SDKROOT)/Developer/Library/Frameworks",
					"$(inherited)",
				);
				GCC_PREPROCESSOR_DEFINITIONS = (
					"DEBUG=1",
					"$(inherited)",
				);
				INFOPLIST_FILE = sizeClassesTests/Info.plist;
				LD_RUNPATH_SEARCH_PATHS = "$(inherited) @executable_path/Frameworks @loader_path/Frameworks";
				PRODUCT_NAME = "$(TARGET_NAME)";
				TEST_HOST = "$(BUILT_PRODUCTS_DIR)/sizeClasses.app/sizeClasses";
			};
			name = Debug;
		};
		A98C784319F7B83800ECBB86 /* Release */ = {
			isa = XCBuildConfiguration;
			buildSettings = {
				BUNDLE_LOADER = "$(TEST_HOST)";
				FRAMEWORK_SEARCH_PATHS = (
					"$(SDKROOT)/Developer/Library/Frameworks",
					"$(inherited)",
				);
				INFOPLIST_FILE = sizeClassesTests/Info.plist;
				LD_RUNPATH_SEARCH_PATHS = "$(inherited) @executable_path/Frameworks @loader_path/Frameworks";
				PRODUCT_NAME = "$(TARGET_NAME)";
				TEST_HOST = "$(BUILT_PRODUCTS_DIR)/sizeClasses.app/sizeClasses";
			};
			name = Release;
		};
/* End XCBuildConfiguration section */

/* Begin XCConfigurationList section */
		A98C781A19F7B83800ECBB86 /* Build configuration list for PBXProject "sizeClasses" */ = {
			isa = XCConfigurationList;
			buildConfigurations = (
				A98C783C19F7B83800ECBB86 /* Debug */,
				A98C783D19F7B83800ECBB86 /* Release */,
			);
			defaultConfigurationIsVisible = 0;
			defaultConfigurationName = Release;
		};
		A98C783E19F7B83800ECBB86 /* Build configuration list for PBXNativeTarget "sizeClasses" */ = {
			isa = XCConfigurationList;
			buildConfigurations = (
				A98C783F19F7B83800ECBB86 /* Debug */,
				A98C784019F7B83800ECBB86 /* Release */,
			);
			defaultConfigurationIsVisible = 0;
		};
		A98C784119F7B83800ECBB86 /* Build configuration list for PBXNativeTarget "sizeClassesTests" */ = {
			isa = XCConfigurationList;
			buildConfigurations = (
				A98C784219F7B83800ECBB86 /* Debug */,
				A98C784319F7B83800ECBB86 /* Release */,
			);
			defaultConfigurationIsVisible = 0;
		};
/* End XCConfigurationList section */
	};
	rootObject = A98C781719F7B83800ECBB86 /* Project object */;
}
